
Microsoft Visual Studio Solution File, Format Version 12.00
# Visual Studio Version 16
VisualStudioVersion = 16.0.31112.23
MinimumVisualStudioVersion = 10.0.40219.1
Project("{9A19103F-16F7-4668-BE54-9A1E7A4F7556}") = "Bowling", "Bowling\Bowling.csproj", "{7C87D8CC-89C9-4DBA-A517-FBD7797DBE2C}"
EndProject
Project("{9A19103F-16F7-4668-BE54-9A1E7A4F7556}") = "TestBowling", "TestBowling\TestBowling.csproj", "{6EF7DDBE-42B2-4D59-A33B-0CFA6CF2C9FD}"
EndProject
Project("{FAE04EC0-301F-11D3-BF4B-00C04F79EFBC}") = "BowlingConsole", "BowlingConsole\BowlingConsole.csproj", "{EFD250BC-EACA-4C4F-8713-3EE9E135D63C}"
EndProject
Global
	GlobalSection(SolutionConfigurationPlatforms) = preSolution
		Debug|Any CPU = Debug|Any CPU
		Release|Any CPU = Release|Any CPU
	EndGlobalSection
	GlobalSection(ProjectConfigurationPlatforms) = postSolution
		{7C87D8CC-89C9-4DBA-A517-FBD7797DBE2C}.Debug|Any CPU.ActiveCfg = Debug|Any CPU
		{7C87D8CC-89C9-4DBA-A517-FBD7797DBE2C}.Debug|Any CPU.Build.0 = Debug|Any CPU
		{7C87D8CC-89C9-4DBA-A517-FBD7797DBE2C}.Release|Any CPU.ActiveCfg = Release|Any CPU
		{7C87D8CC-89C9-4DBA-A517-FBD7797DBE2C}.Release|Any CPU.Build.0 = Release|Any CPU
		{6EF7DDBE-42B2-4D59-A33B-0CFA6CF2C9FD}.Debug|Any CPU.ActiveCfg = Debug|Any CPU
		{6EF7DDBE-42B2-4D59-A33B-0CFA6CF2C9FD}.Debug|Any CPU.Build.0 = Debug|Any CPU
		{6EF7DDBE-42B2-4D59-A33B-0CFA6CF2C9FD}.Release|Any CPU.ActiveCfg = Release|Any CPU
		{6EF7DDBE-42B2-4D59-A33B-0CFA6CF2C9FD}.Release|Any CPU.Build.0 = Release|Any CPU
		{EFD250BC-EACA-4C4F-8713-3EE9E135D63C}.Debug|Any CPU.ActiveCfg = Debug|Any CPU
		{EFD250BC-EACA-4C4F-8713-3EE9E135D63C}.Debug|Any CPU.Build.0 = Debug|Any CPU
		{EFD250BC-EACA-4C4F-8713-3EE9E135D63C}.Release|Any CPU.ActiveCfg = Release|Any CPU
		{EFD250BC-EACA-4C4F-8713-3EE9E135D63C}.Release|Any CPU.Build.0 = Release|Any CPU
	EndGlobalSection
	GlobalSection(SolutionProperties) = preSolution
		HideSolutionNode = FALSE
	EndGlobalSection
	GlobalSection(ExtensibilityGlobals) = postSolution
		SolutionGuid = {6A3790E4-E787-41BC-A7DB-D150188DB872}
	EndGlobalSection
EndGlobal
